# This file is autogenerated, do not edit; changes may be undone by the next 'dep ensure'.


[[projects]]
  digest = "1:5bb36304653e73c2ced864d49c9f344e7141a7ceef852442edcea212094ebc3c"
  name = "github.com/beorn7/perks"
  packages = ["quantile"]
  pruneopts = "UT"
  revision = "4c0e84591b9aa9e6dcfdf3e020114cd81f89d5f9"

[[projects]]
  digest = "1:0ef770954bca104ee99b3b6b7f9b240605ac03517d9f98cbc1893daa03f3c038"
  name = "github.com/coreos/go-semver"
  packages = ["semver"]
  pruneopts = "UT"
  revision = "8ab6407b697782a06568d4b7f1db25550ec2e4c6"
  version = "v0.2.0"

[[projects]]
  digest = "1:38c783cf85b9454cc02a1a8319239800ed0af6c1c864adf19cea0539e134adad"
  name = "github.com/fsnotify/fsnotify"
  packages = ["."]
  pruneopts = "UT"
  revision = "4da3e2cfbabc9f751898f250b49f2439785783a1"

[[projects]]
  branch = "master"
  digest = "1:ce5600ee992e12921b5a0b0f076214be229706bd8e443dfa08680f12414465fa"
  name = "github.com/giantswarm/microendpoint"
  packages = [
    "endpoint/healthz",
    "endpoint/version",
    "service/healthz",
    "service/version",
  ]
  pruneopts = "UT"
  revision = "b93a1e9b89c26ba3bdcd5d19986d550fd090d213"

[[projects]]
  branch = "master"
  digest = "1:b0b21e0e84b9720c1e6b98fd19c137ed5bc7291ce8ff605feb760124a6222d45"
  name = "github.com/giantswarm/microerror"
  packages = ["."]
  pruneopts = "UT"
  revision = "5ade94eb4ee35ef72eb9382228470caeddb29989"

[[projects]]
  branch = "master"
  digest = "1:b344ab8a61e9e7b5ff330af2d7a40baba16619584de63e2fced47d1dd80b5f69"
  name = "github.com/giantswarm/microkit"
  packages = [
    "command",
    "command/daemon",
    "command/daemon/flag",
    "command/daemon/flag/config",
    "command/daemon/flag/server",
    "command/daemon/flag/server/listen",
    "command/daemon/flag/server/log",
    "command/daemon/flag/server/tls",
    "command/version",
    "flag",
    "server",
    "tls",
    "transaction",
    "transaction/context/id",
    "transaction/context/tracked",
  ]
  pruneopts = "UT"
  revision = "e6c3aafd2c6b8298599dc465dc1294fbd025d2f1"

[[projects]]
  branch = "master"
  digest = "1:72e2780f13c15b5e0154bdaf969316334dc578d42512eb0c12152031da244288"
  name = "github.com/giantswarm/micrologger"
  packages = ["."]
  pruneopts = "UT"
  revision = "954d1261928bbb50dc917c629edf0b71db6a1527"

[[projects]]
  branch = "master"
  digest = "1:d772f87602c03d451abf677741a1149ad078a2aee3cbe33c2a3f8e6b4db10571"
  name = "github.com/giantswarm/microstorage"
  packages = [
    ".",
    "memory",
  ]
  pruneopts = "UT"
  revision = "99418478ec8f5c68f9b5fc5e6be7e0474948f80d"

[[projects]]
  digest = "1:f2254fa50b377073c5c5ee88a275f3ef84377e3bea9b3b0f77d963ae48383cd2"
  name = "github.com/giantswarm/versionbundle"
  packages = ["."]
  pruneopts = "UT"
  revision = "efdbdae719c56ab4880f8fe56643d60a76fc19e5"

[[projects]]
  digest = "1:4a900b0fdd55dd8b3930495c10b6f0656bf45d56751e47a5ae31c22db71c1a40"
  name = "github.com/go-kit/kit"
  packages = [
    "endpoint",
    "log",
    "transport/http",
  ]
  pruneopts = "UT"
  revision = "a9ca6725cbbea455e61c6bc8a1ed28e81eb3493b"
  version = "v0.5.0"

[[projects]]
  digest = "1:31a18dae27a29aa074515e43a443abfd2ba6deb6d69309d8d7ce789c45f34659"
  name = "github.com/go-logfmt/logfmt"
  packages = ["."]
  pruneopts = "UT"
  revision = "390ab7935ee28ec6b286364bba9b4dd6410cb3d5"
  version = "v0.3.0"

[[projects]]
  digest = "1:3a000b3680bc855754c9e9a10158315aff3a0c2a463a8987bc5ae221bc7c6318"
  name = "github.com/go-resty/resty"
  packages = ["."]
  pruneopts = "UT"
  revision = "9ac9c42358f7c3c69ac9f8610e8790d7c338e85d"
  version = "v1.0"

[[projects]]
  digest = "1:cdb6ee9162f4ce18ab16264928a31f91c43a08e065c7ef149e86ba49c6a4495e"
  name = "github.com/go-stack/stack"
  packages = ["."]
  pruneopts = "UT"
  revision = "100eb0c0a9c5b306ca2fb4f165df21d80ada4b82"
  version = "v1.5.2"

[[projects]]
  digest = "1:362005af64e654bd2658f49c136b48e68df9a6d38c4a79349b4ea7fe068956e2"
  name = "github.com/golang/protobuf"
  packages = ["proto"]
  pruneopts = "UT"
  revision = "4bd1920723d7b7c925de087aa32e2187708897f7"

[[projects]]
  digest = "1:c79fb010be38a59d657c48c6ba1d003a8aa651fa56b579d959d74573b7dff8e1"
  name = "github.com/gorilla/context"
  packages = ["."]
  pruneopts = "UT"
  revision = "08b5f424b9271eedf6f9f0ce86cb9396ed337a42"
  version = "v1.1.1"

[[projects]]
  digest = "1:af7adad5ef24d9241808e46347b7e97c38a387afca772069e2ad1d9fbb660fc6"
  name = "github.com/gorilla/mux"
  packages = ["."]
  pruneopts = "UT"
  revision = "0eeaf8392f5b04950925b8a69fe70f110fa7cbfc"
  version = "v1.1"

[[projects]]
  digest = "1:466594e2922a8ca66af07370ea29726c0d40272baaad1158a36cd94baa6367d1"
  name = "github.com/hashicorp/hcl"
  packages = [
    ".",
    "hcl/ast",
    "hcl/parser",
    "hcl/printer",
    "hcl/scanner",
    "hcl/strconv",
    "hcl/token",
    "json/parser",
    "json/scanner",
    "json/token",
  ]
  pruneopts = "UT"
  revision = "23c074d0eceb2b8a5bfdbb271ab780cde70f05a8"

[[projects]]
  digest = "1:870d441fe217b8e689d7949fef6e43efbc787e50f200cb1e70dbca9204a1d6be"
  name = "github.com/inconshreveable/mousetrap"
  packages = ["."]
  pruneopts = "UT"
  revision = "76626ae9c91c4f2a10f34cad8ce83ea42c93bb75"
  version = "v1.0"

[[projects]]
  branch = "master"
  digest = "1:926b6084b81f49359f67e48ef8b74f33ea8509afe8410d3b34789eaea02da898"
  name = "github.com/juju/errgo"
  packages = ["."]
  pruneopts = "UT"
  revision = "08cceb5d0b5331634b9826762a8fd53b29b86ad8"

[[projects]]
  branch = "master"
  digest = "1:a64e323dc06b73892e5bb5d040ced475c4645d456038333883f58934abbf6f72"
  name = "github.com/kr/logfmt"
  packages = ["."]
  pruneopts = "UT"
  revision = "b84e30acd515aadc4b783ad4ff83aff3299bdfe0"

[[projects]]
  digest = "1:9cbfcfd1ec741817698b844d17b523f54682a5f7c8683b1ec62b6b6542143240"
  name = "github.com/magiconair/properties"
  packages = ["."]
  pruneopts = "UT"
  revision = "49d762b9817ba1c2e9d0c69183c2b4a8b8f1d934"

[[projects]]
  digest = "1:ff5ebae34cfbf047d505ee150de27e60570e8c394b3b8fdbb720ff6ac71985fc"
  name = "github.com/matttproud/golang_protobuf_extensions"
  packages = ["pbutil"]
  pruneopts = "UT"
  revision = "c12348ce28de40eed0136aa2b644d0ee0650e56c"
  version = "v1.0.1"

[[projects]]
  digest = "1:56a0bd1a1f3809171d1abe0bfd389558be0cd672e858e1f831b88f806aa8764f"
  name = "github.com/mitchellh/mapstructure"
  packages = ["."]
  pruneopts = "UT"
  revision = "06020f85339e21b2478f756a78e295255ffa4d6a"

[[projects]]
  digest = "1:8a12e06f7830f5a240640635f7c7c313b6cd2385c56034e0afb31abb24176334"
  name = "github.com/pelletier/go-toml"
  packages = ["."]
  pruneopts = "UT"
  revision = "4e9e0ee19b60b13eb79915933f44d8ed5f268bdd"

[[projects]]
  digest = "1:70f78dea42b8c0ff38ecf5487eaa79006fa2193fc804fc7c1d7222745d9e2522"
  name = "github.com/prometheus/client_golang"
  packages = [
    "prometheus",
    "prometheus/promhttp",
  ]
  pruneopts = "UT"
  revision = "5cec1d0429b02e4323e042eb04dafdb079ddf568"

[[projects]]
  digest = "1:32d10bdfa8f09ecf13598324dba86ab891f11db3c538b6a34d1c3b5b99d7c36b"
  name = "github.com/prometheus/client_model"
  packages = ["go"]
  pruneopts = "UT"
  revision = "6f3806018612930941127f2a7c6c453ba2c527d2"

[[projects]]
  digest = "1:79ac6d18d6b7eabed09995d83689c2c1d3c09dfdd892ddf3d2202765bef23582"
  name = "github.com/prometheus/common"
  packages = [
    "expfmt",
    "internal/bitbucket.org/ww/goautoneg",
    "model",
  ]
  pruneopts = "UT"
  revision = "e3fb1a1acd7605367a2b378bc2e2f893c05174b7"

[[projects]]
  digest = "1:93ed91deb3bb95cf63bbe5ae3f16eb4b7559b438fc3a3c6917cd12cc31e38c08"
  name = "github.com/prometheus/procfs"
  packages = [
    ".",
    "xfs",
  ]
  pruneopts = "UT"
  revision = "a6e9df898b1336106c743392c48ee0b71f5c4efa"

[[projects]]
  branch = "root-integration-tests"
  digest = "1:179494dbfc3980e76a3852fc21fa702c8dfaa208bf3609063727440ae60519bc"
  name = "github.com/sparrc/go-ping"
  packages = ["."]
  pruneopts = "UT"
  revision = "416e72114cd1edce2f287648f935a60dfe6cf40e"

[[projects]]
  digest = "1:c504edc3e401a6129b7353ec618f2fa3b9c5ca1b9f5bd0e82d7f441dcdb13f15"
  name = "github.com/spf13/afero"
  packages = [
    ".",
    "mem",
  ]
  pruneopts = "UT"
  revision = "5660eeed305fe5f69c8fc6cf899132a459a97064"

[[projects]]
  digest = "1:9b28ee2984c69d78afe2ce52b1650ba91a6381f355ff08c1d0e53d9e66bd62fe"
  name = "github.com/spf13/cast"
  packages = ["."]
  pruneopts = "UT"
  revision = "acbeb36b902d72a7a4c18e8f3241075e7ab763e4"
  version = "v1.1.0"

[[projects]]
  digest = "1:8b2079176d2275e1e4b364bd741918030a10bd4d688b882c74b2cc98eb74c69c"
  name = "github.com/spf13/cobra"
  packages = ["."]
  pruneopts = "UT"
  revision = "b3426bbac13d7110c4d8fce456ea0012f79f3b8b"

[[projects]]
  digest = "1:9f28b7e326b8cd1db556678b7ce679cf9bf888647e40922f91d9d40f451f942b"
  name = "github.com/spf13/jwalterweatherman"
  packages = ["."]
  pruneopts = "UT"
  revision = "12bd96e66386c1960ab0f74ced1362f66f552f7b"

[[projects]]
  digest = "1:772bf4d1907ccb275aaa532ec6cb0d85fc61bd05648af28551590af3ea4e2d53"
  name = "github.com/spf13/pflag"
  packages = ["."]
  pruneopts = "UT"
  revision = "4c012f6dcd9546820e378d0bdda4d8fc772cdfea"

[[projects]]
  branch = "master"
  digest = "1:748519c76ecc7b5d673d7ee8924ace736ec1717b93011c77171b8bd961ac280c"
  name = "github.com/spf13/viper"
  packages = ["."]
  pruneopts = "UT"
  revision = "62edee319679b6ceaec16de03b966102d2dea709"

[[projects]]
  digest = "1:43b8a34f6390d8fbdcfd300ed52103064e9eaaecc7e50b7e3518fe246ebe8403"
  name = "github.com/tylerb/graceful"
  packages = ["."]
  pruneopts = "UT"
  revision = "4654dfbb6ad53cb5e27f37d99b02e16c1872fbbb"
  version = "v1.2.15"

[[projects]]
  digest = "1:65971df30864dc78c3f95d134ece1e27eace33325ef70086d3a3d1427d226def"
  name = "golang.org/x/net"
  packages = [
    "bpf",
    "context",
    "icmp",
    "idna",
    "internal/iana",
    "internal/netreflect",
    "ipv4",
    "ipv6",
    "publicsuffix",
  ]
  pruneopts = "UT"
  revision = "f2499483f923065a842d38eb4c7f1927e6fc6e6d"

[[projects]]
  digest = "1:39ebcc2b11457b703ae9ee2e8cca0f68df21969c6102cb3b705f76cca0ea0239"
  name = "golang.org/x/sync"
  packages = ["errgroup"]
  pruneopts = "UT"
  revision = "fd80eb99c8f653c847d294a001bdf2a3a6f768f5"

[[projects]]
  digest = "1:62d32e3ab9655bb0124b5d7a87eed55c6606a5488290111bd2a06a5f01baba1d"
  name = "golang.org/x/sys"
  packages = ["unix"]
  pruneopts = "UT"
  revision = "8f0908ab3b2457e2e15403d3697c9ef5cb4b57a9"

[[projects]]
  digest = "1:90d109506c199e916951c6daafc6d573c59cd717f3a1e0256ccd9ce5c975391e"
  name = "golang.org/x/text"
  packages = [
    "internal/gen",
    "internal/triegen",
    "internal/ucd",
    "transform",
    "unicode/cldr",
    "unicode/norm",
  ]
  pruneopts = "UT"
  revision = "2910a502d2bf9e43193af9d68ca516529614eed3"

[[projects]]
  digest = "1:6570992c02a2137a20be83990a979b6fe892e20ecdc6b756449989b2a7efb8ae"
  name = "gopkg.in/yaml.v2"
  packages = ["."]
  pruneopts = "UT"
  revision = "eb3733d160e74a9c7e442f435eb3bea458e1d19f"

[solve-meta]
  analyzer-name = "dep"
  analyzer-version = 1
  input-imports = [
    "github.com/giantswarm/microendpoint/endpoint/healthz",
    "github.com/giantswarm/microendpoint/endpoint/version",
    "github.com/giantswarm/microendpoint/service/healthz",
    "github.com/giantswarm/microendpoint/service/version",
    "github.com/giantswarm/microerror",
    "github.com/giantswarm/microkit/command",
    "github.com/giantswarm/microkit/flag",
    "github.com/giantswarm/microkit/server",
    "github.com/giantswarm/microkit/transaction",
    "github.com/giantswarm/micrologger",
    "github.com/giantswarm/microstorage",
    "github.com/giantswarm/microstorage/memory",
    "github.com/go-kit/kit/transport/http",
    "github.com/sparrc/go-ping",
    "github.com/spf13/viper",
  ]
  solver-name = "gps-cdcl"
  solver-version = 1
